# This file is automatically @generated by Cargo.
# It is not intended for manual editing.
version = 4

[[package]]
name = "httparse"
version = "1.10.1"
source = "registry+https://github.com/rust-lang/crates.io-index"
checksum = "6dbf3de79e51f3d586ab4cb9d5c3e2c14aa28ed23d180cf89b4df0454a69cc87"

[[package]]
name = "rustapp"
version = "0.1.0"
dependencies = [
 "httparse",
 "zephyr",
]

[[package]]
name = "zephyr"
version = "0.1.0"
source = "registry+https://github.com/rust-lang/crates.io-index"
checksum = "57cced75ff93e4279efe6ff1f5af7add8fa4ed4cfe4e7a3b54de7cc0f218d892"
